PODS:
  - Flutter (1.0.0)
  - flutter_plugin_bbd_application (0.0.1):
    - Flutter
    - flutter_plugin_bbd_base
  - flutter_plugin_bbd_base (0.0.1):
    - Flutter

DEPENDENCIES:
  - Flutter (from `.symlinks/flutter/ios`)
  - flutter_plugin_bbd_application (from `.symlinks/plugins/flutter_plugin_bbd_application/ios`)
  - flutter_plugin_bbd_base (from `../../../flutter_plugin_bbd_base/ios`)

EXTERNAL SOURCES:
  Flutter:
    :path: ".symlinks/flutter/ios"
  flutter_plugin_bbd_application:
    :path: ".symlinks/plugins/flutter_plugin_bbd_application/ios"
  flutter_plugin_bbd_base:
    :path: "../../../flutter_plugin_bbd_base/ios"

SPEC CHECKSUMS:
  Flutter: 0e3d915762c693b495b44d77113d4970485de6ec
  flutter_plugin_bbd_application: cbc9985ce5111b60b05daa04baab5e7fa509ea1c
  flutter_plugin_bbd_base: 3735037c969dba579b98bc1d8d5c0c12326cf1a3

PODFILE CHECKSUM: 0c7b260af2ff1bcde3de8e75c17fb43bf9a9cbbe

COCOAPODS: 1.8.1
